// !$*UTF8*$!
{
	archiveVersion = 1;
	classes = {
	};
	objectVersion = 46;
	objects = {

/* Begin PBXBuildFile section */
		2E6711B2B0E43457C24DF925 /* libPods-SeaBattle.a in Frameworks */ = {isa = PBXBuildFile; fileRef = 9D66DAC57226E47EC1DB0306 /* libPods-SeaBattle.a */; };
		9B2305751ECC3605002FCE4A /* StatusModel.m in Sources */ = {isa = PBXBuildFile; fileRef = 9B2305741ECC3605002FCE4A /* StatusModel.m */; };
		9B2305791ECC3699002FCE4A /* GameOpModel.m in Sources */ = {isa = PBXBuildFile; fileRef = 9B2305781ECC3699002FCE4A /* GameOpModel.m */; };
		9B23057C1ECC3E08002FCE4A /* PlayersModel.m in Sources */ = {isa = PBXBuildFile; fileRef = 9B23057B1ECC3E08002FCE4A /* PlayersModel.m */; };
		9B2305861ED57CED002FCE4A /* TipsModel.m in Sources */ = {isa = PBXBuildFile; fileRef = 9B2305851ED57CED002FCE4A /* TipsModel.m */; };
		9B6E21F31EC99D0200B67144 /* NetGameViewController.m in Sources */ = {isa = PBXBuildFile; fileRef = 9B6E21F21EC99D0200B67144 /* NetGameViewController.m */; };
		9BDE2D0A1EC6ECC60093B3BF /* main.m in Sources */ = {isa = PBXBuildFile; fileRef = 9BDE2D091EC6ECC60093B3BF /* main.m */; };
		9BDE2D0D1EC6ECC60093B3BF /* AppDelegate.m in Sources */ = {isa = PBXBuildFile; fileRef = 9BDE2D0C1EC6ECC60093B3BF /* AppDelegate.m */; };
		9BDE2D131EC6ECC60093B3BF /* Main.storyboard in Resources */ = {isa = PBXBuildFile; fileRef = 9BDE2D111EC6ECC60093B3BF /* Main.storyboard */; };
		9BDE2D151EC6ECC60093B3BF /* Assets.xcassets in Resources */ = {isa = PBXBuildFile; fileRef = 9BDE2D141EC6ECC60093B3BF /* Assets.xcassets */; };
		9BDE2D181EC6ECC60093B3BF /* LaunchScreen.storyboard in Resources */ = {isa = PBXBuildFile; fileRef = 9BDE2D161EC6ECC60093B3BF /* LaunchScreen.storyboard */; };
		9BDE2D231EC6ECC60093B3BF /* SeaBattleTests.m in Sources */ = {isa = PBXBuildFile; fileRef = 9BDE2D221EC6ECC60093B3BF /* SeaBattleTests.m */; };
		9BDE2D2E1EC6ECC60093B3BF /* SeaBattleUITests.m in Sources */ = {isa = PBXBuildFile; fileRef = 9BDE2D2D1EC6ECC60093B3BF /* SeaBattleUITests.m */; };
		9BDE2D4B1EC6F27E0093B3BF /* UIColor+Extension.m in Sources */ = {isa = PBXBuildFile; fileRef = 9BDE2D3D1EC6F27E0093B3BF /* UIColor+Extension.m */; };
		9BDE2D4C1EC6F27E0093B3BF /* DeployShipViewController.m in Sources */ = {isa = PBXBuildFile; fileRef = 9BDE2D401EC6F27E0093B3BF /* DeployShipViewController.m */; };
		9BDE2D4D1EC6F27E0093B3BF /* GameViewController.m in Sources */ = {isa = PBXBuildFile; fileRef = 9BDE2D421EC6F27E0093B3BF /* GameViewController.m */; };
		9BDE2D4E1EC6F27E0093B3BF /* ViewController.m in Sources */ = {isa = PBXBuildFile; fileRef = 9BDE2D441EC6F27E0093B3BF /* ViewController.m */; };
		9BDE2D4F1EC6F27E0093B3BF /* ShipLocationModel.m in Sources */ = {isa = PBXBuildFile; fileRef = 9BDE2D471EC6F27E0093B3BF /* ShipLocationModel.m */; };
		9BDE2D501EC6F27E0093B3BF /* BoardCell.m in Sources */ = {isa = PBXBuildFile; fileRef = 9BDE2D4A1EC6F27E0093B3BF /* BoardCell.m */; };
		9BDE2D561EC6F6F20093B3BF /* HttpTool.m in Sources */ = {isa = PBXBuildFile; fileRef = 9BDE2D551EC6F6F20093B3BF /* HttpTool.m */; };
		9BDE2D591EC6F82C0093B3BF /* ApiConfig.m in Sources */ = {isa = PBXBuildFile; fileRef = 9BDE2D581EC6F82C0093B3BF /* ApiConfig.m */; };
		9BDE2D5D1EC6FA240093B3BF /* CreateGameViewController.m in Sources */ = {isa = PBXBuildFile; fileRef = 9BDE2D5C1EC6FA240093B3BF /* CreateGameViewController.m */; };
		9BDE2D601EC7F7970093B3BF /* UIView+HUD.m in Sources */ = {isa = PBXBuildFile; fileRef = 9BDE2D5F1EC7F7970093B3BF /* UIView+HUD.m */; };
/* End PBXBuildFile section */

/* Begin PBXContainerItemProxy section */
		9BDE2D1F1EC6ECC60093B3BF /* PBXContainerItemProxy */ = {
			isa = PBXContainerItemProxy;
			containerPortal = 9BDE2CFD1EC6ECC60093B3BF /* Project object */;
			proxyType = 1;
			remoteGlobalIDString = 9BDE2D041EC6ECC60093B3BF;
			remoteInfo = SeaBattle;
		};
		9BDE2D2A1EC6ECC60093B3BF /* PBXContainerItemProxy */ = {
			isa = PBXContainerItemProxy;
			containerPortal = 9BDE2CFD1EC6ECC60093B3BF /* Project object */;
			proxyType = 1;
			remoteGlobalIDString = 9BDE2D041EC6ECC60093B3BF;
			remoteInfo = SeaBattle;
		};
/* End PBXContainerItemProxy section */

/* Begin PBXFileReference section */
		56B711ED56B003DA49F26CEF /* Pods-SeaBattle.debug.xcconfig */ = {isa = PBXFileReference; includeInIndex = 1; lastKnownFileType = text.xcconfig; name = "Pods-SeaBattle.debug.xcconfig"; path = "Pods/Target Support Files/Pods-SeaBattle/Pods-SeaBattle.debug.xcconfig"; sourceTree = "<group>"; };
		9B2305731ECC3605002FCE4A /* StatusModel.h */ = {isa = PBXFileReference; fileEncoding = 4; lastKnownFileType = sourcecode.c.h; path = StatusModel.h; sourceTree = "<group>"; };
		9B2305741ECC3605002FCE4A /* StatusModel.m */ = {isa = PBXFileReference; fileEncoding = 4; lastKnownFileType = sourcecode.c.objc; path = StatusModel.m; sourceTree = "<group>"; };
		9B2305771ECC3699002FCE4A /* GameOpModel.h */ = {isa = PBXFileReference; fileEncoding = 4; lastKnownFileType = sourcecode.c.h; path = GameOpModel.h; sourceTree = "<group>"; };
		9B2305781ECC3699002FCE4A /* GameOpModel.m */ = {isa = PBXFileReference; fileEncoding = 4; lastKnownFileType = sourcecode.c.objc; path = GameOpModel.m; sourceTree = "<group>"; };
		9B23057A1ECC3E08002FCE4A /* PlayersModel.h */ = {isa = PBXFileReference; fileEncoding = 4; lastKnownFileType = sourcecode.c.h; path = PlayersModel.h; sourceTree = "<group>"; };
		9B23057B1ECC3E08002FCE4A /* PlayersModel.m */ = {isa = PBXFileReference; fileEncoding = 4; lastKnownFileType = sourcecode.c.objc; path = PlayersModel.m; sourceTree = "<group>"; };
		9B2305841ED57CED002FCE4A /* TipsModel.h */ = {isa = PBXFileReference; fileEncoding = 4; lastKnownFileType = sourcecode.c.h; path = TipsModel.h; sourceTree = "<group>"; };
		9B2305851ED57CED002FCE4A /* TipsModel.m */ = {isa = PBXFileReference; fileEncoding = 4; lastKnownFileType = sourcecode.c.objc; path = TipsModel.m; sourceTree = "<group>"; };
		9B6E21F11EC99D0200B67144 /* NetGameViewController.h */ = {isa = PBXFileReference; fileEncoding = 4; lastKnownFileType = sourcecode.c.h; path = NetGameViewController.h; sourceTree = "<group>"; };
		9B6E21F21EC99D0200B67144 /* NetGameViewController.m */ = {isa = PBXFileReference; fileEncoding = 4; lastKnownFileType = sourcecode.c.objc; path = NetGameViewController.m; sourceTree = "<group>"; };
		9BDE2D051EC6ECC60093B3BF /* SeaBattle.app */ = {isa = PBXFileReference; explicitFileType = wrapper.application; includeInIndex = 0; path = SeaBattle.app; sourceTree = BUILT_PRODUCTS_DIR; };
		9BDE2D091EC6ECC60093B3BF /* main.m */ = {isa = PBXFileReference; lastKnownFileType = sourcecode.c.objc; path = main.m; sourceTree = "<group>"; };
		9BDE2D0B1EC6ECC60093B3BF /* AppDelegate.h */ = {isa = PBXFileReference; lastKnownFileType = sourcecode.c.h; path = AppDelegate.h; sourceTree = "<group>"; };
		9BDE2D0C1EC6ECC60093B3BF /* AppDelegate.m */ = {isa = PBXFileReference; lastKnownFileType = sourcecode.c.objc; path = AppDelegate.m; sourceTree = "<group>"; };
		9BDE2D121EC6ECC60093B3BF /* Base */ = {isa = PBXFileReference; lastKnownFileType = file.storyboard; name = Base; path = Base.lproj/Main.storyboard; sourceTree = "<group>"; };
		9BDE2D141EC6ECC60093B3BF /* Assets.xcassets */ = {isa = PBXFileReference; lastKnownFileType = folder.assetcatalog; path = Assets.xcassets; sourceTree = "<group>"; };
		9BDE2D171EC6ECC60093B3BF /* Base */ = {isa = PBXFileReference; lastKnownFileType = file.storyboard; name = Base; path = Base.lproj/LaunchScreen.storyboard; sourceTree = "<group>"; };
		9BDE2D191EC6ECC60093B3BF /* Info.plist */ = {isa = PBXFileReference; lastKnownFileType = text.plist.xml; path = Info.plist; sourceTree = "<group>"; };
		9BDE2D1E1EC6ECC60093B3BF /* SeaBattleTests.xctest */ = {isa = PBXFileReference; explicitFileType = wrapper.cfbundle; includeInIndex = 0; path = SeaBattleTests.xctest; sourceTree = BUILT_PRODUCTS_DIR; };
		9BDE2D221EC6ECC60093B3BF /* SeaBattleTests.m */ = {isa = PBXFileReference; lastKnownFileType = sourcecode.c.objc; path = SeaBattleTests.m; sourceTree = "<group>"; };
		9BDE2D241EC6ECC60093B3BF /* Info.plist */ = {isa = PBXFileReference; lastKnownFileType = text.plist.xml; path = Info.plist; sourceTree = "<group>"; };
		9BDE2D291EC6ECC60093B3BF /* SeaBattleUITests.xctest */ = {isa = PBXFileReference; explicitFileType = wrapper.cfbundle; includeInIndex = 0; path = SeaBattleUITests.xctest; sourceTree = BUILT_PRODUCTS_DIR; };
		9BDE2D2D1EC6ECC60093B3BF /* SeaBattleUITests.m */ = {isa = PBXFileReference; lastKnownFileType = sourcecode.c.objc; path = SeaBattleUITests.m; sourceTree = "<group>"; };
		9BDE2D2F1EC6ECC60093B3BF /* Info.plist */ = {isa = PBXFileReference; lastKnownFileType = text.plist.xml; path = Info.plist; sourceTree = "<group>"; };
		9BDE2D3C1EC6F27E0093B3BF /* UIColor+Extension.h */ = {isa = PBXFileReference; fileEncoding = 4; lastKnownFileType = sourcecode.c.h; path = "UIColor+Extension.h"; sourceTree = "<group>"; };
		9BDE2D3D1EC6F27E0093B3BF /* UIColor+Extension.m */ = {isa = PBXFileReference; fileEncoding = 4; lastKnownFileType = sourcecode.c.objc; path = "UIColor+Extension.m"; sourceTree = "<group>"; };
		9BDE2D3F1EC6F27E0093B3BF /* DeployShipViewController.h */ = {isa = PBXFileReference; fileEncoding = 4; lastKnownFileType = sourcecode.c.h; path = DeployShipViewController.h; sourceTree = "<group>"; };
		9BDE2D401EC6F27E0093B3BF /* DeployShipViewController.m */ = {isa = PBXFileReference; fileEncoding = 4; lastKnownFileType = sourcecode.c.objc; path = DeployShipViewController.m; sourceTree = "<group>"; };
		9BDE2D411EC6F27E0093B3BF /* GameViewController.h */ = {isa = PBXFileReference; fileEncoding = 4; lastKnownFileType = sourcecode.c.h; path = GameViewController.h; sourceTree = "<group>"; };
		9BDE2D421EC6F27E0093B3BF /* GameViewController.m */ = {isa = PBXFileReference; fileEncoding = 4; lastKnownFileType = sourcecode.c.objc; path = GameViewController.m; sourceTree = "<group>"; };
		9BDE2D431EC6F27E0093B3BF /* ViewController.h */ = {isa = PBXFileReference; fileEncoding = 4; lastKnownFileType = sourcecode.c.h; path = ViewController.h; sourceTree = "<group>"; };
		9BDE2D441EC6F27E0093B3BF /* ViewController.m */ = {isa = PBXFileReference; fileEncoding = 4; lastKnownFileType = sourcecode.c.objc; path = ViewController.m; sourceTree = "<group>"; };
		9BDE2D461EC6F27E0093B3BF /* ShipLocationModel.h */ = {isa = PBXFileReference; fileEncoding = 4; lastKnownFileType = sourcecode.c.h; path = ShipLocationModel.h; sourceTree = "<group>"; };
		9BDE2D471EC6F27E0093B3BF /* ShipLocationModel.m */ = {isa = PBXFileReference; fileEncoding = 4; lastKnownFileType = sourcecode.c.objc; path = ShipLocationModel.m; sourceTree = "<group>"; };
		9BDE2D491EC6F27E0093B3BF /* BoardCell.h */ = {isa = PBXFileReference; fileEncoding = 4; lastKnownFileType = sourcecode.c.h; path = BoardCell.h; sourceTree = "<group>"; };
		9BDE2D4A1EC6F27E0093B3BF /* BoardCell.m */ = {isa = PBXFileReference; fileEncoding = 4; lastKnownFileType = sourcecode.c.objc; path = BoardCell.m; sourceTree = "<group>"; };
		9BDE2D511EC6F2B20093B3BF /* PrefixHeader.pch */ = {isa = PBXFileReference; fileEncoding = 4; lastKnownFileType = sourcecode.c.h; path = PrefixHeader.pch; sourceTree = "<group>"; };
		9BDE2D521EC6F2D10093B3BF /* CommonMacro.h */ = {isa = PBXFileReference; fileEncoding = 4; lastKnownFileType = sourcecode.c.h; path = CommonMacro.h; sourceTree = "<group>"; };
		9BDE2D541EC6F6F20093B3BF /* HttpTool.h */ = {isa = PBXFileReference; fileEncoding = 4; lastKnownFileType = sourcecode.c.h; path = HttpTool.h; sourceTree = "<group>"; };
		9BDE2D551EC6F6F20093B3BF /* HttpTool.m */ = {isa = PBXFileReference; fileEncoding = 4; lastKnownFileType = sourcecode.c.objc; path = HttpTool.m; sourceTree = "<group>"; };
		9BDE2D571EC6F82C0093B3BF /* ApiConfig.h */ = {isa = PBXFileReference; fileEncoding = 4; lastKnownFileType = sourcecode.c.h; path = ApiConfig.h; sourceTree = "<group>"; };
		9BDE2D581EC6F82C0093B3BF /* ApiConfig.m */ = {isa = PBXFileReference; fileEncoding = 4; lastKnownFileType = sourcecode.c.objc; path = ApiConfig.m; sourceTree = "<group>"; };
		9BDE2D5B1EC6FA240093B3BF /* CreateGameViewController.h */ = {isa = PBXFileReference; fileEncoding = 4; lastKnownFileType = sourcecode.c.h; path = CreateGameViewController.h; sourceTree = "<group>"; };
		9BDE2D5C1EC6FA240093B3BF /* CreateGameViewController.m */ = {isa = PBXFileReference; fileEncoding = 4; lastKnownFileType = sourcecode.c.objc; path = CreateGameViewController.m; sourceTree = "<group>"; };
		9BDE2D5E1EC7F7970093B3BF /* UIView+HUD.h */ = {isa = PBXFileReference; fileEncoding = 4; lastKnownFileType = sourcecode.c.h; path = "UIView+HUD.h"; sourceTree = "<group>"; };
		9BDE2D5F1EC7F7970093B3BF /* UIView+HUD.m */ = {isa = PBXFileReference; fileEncoding = 4; lastKnownFileType = sourcecode.c.objc; path = "UIView+HUD.m"; sourceTree = "<group>"; };
		9D66DAC57226E47EC1DB0306 /* libPods-SeaBattle.a */ = {isa = PBXFileReference; explicitFileType = archive.ar; includeInIndex = 0; path = "libPods-SeaBattle.a"; sourceTree = BUILT_PRODUCTS_DIR; };
		F4C648D31ED317CC00FB69E4 /* PrivaceMacro.h */ = {isa = PBXFileReference; fileEncoding = 4; lastKnownFileType = sourcecode.c.h; path = PrivaceMacro.h; sourceTree = "<group>"; };
		F60053B4F76FB963EE52B581 /* Pods-SeaBattle.release.xcconfig */ = {isa = PBXFileReference; includeInIndex = 1; lastKnownFileType = text.xcconfig; name = "Pods-SeaBattle.release.xcconfig"; path = "Pods/Target Support Files/Pods-SeaBattle/Pods-SeaBattle.release.xcconfig"; sourceTree = "<group>"; };
/* End PBXFileReference section */

/* Begin PBXFrameworksBuildPhase section */
		9BDE2D021EC6ECC60093B3BF /* Frameworks */ = {
			isa = PBXFrameworksBuildPhase;
			buildActionMask = 2147483647;
			files = (
				2E6711B2B0E43457C24DF925 /* libPods-SeaBattle.a in Frameworks */,
			);
			runOnlyForDeploymentPostprocessing = 0;
		};
		9BDE2D1B1EC6ECC60093B3BF /* Frameworks */ = {
			isa = PBXFrameworksBuildPhase;
			buildActionMask = 2147483647;
			files = (
			);
			runOnlyForDeploymentPostprocessing = 0;
		};
		9BDE2D261EC6ECC60093B3BF /* Frameworks */ = {
			isa = PBXFrameworksBuildPhase;
			buildActionMask = 2147483647;
			files = (
			);
			runOnlyForDeploymentPostprocessing = 0;
		};
/* End PBXFrameworksBuildPhase section */

/* Begin PBXGroup section */
		6DA1FEDA1436195BB9D8092B /* Pods */ = {
			isa = PBXGroup;
			children = (
				56B711ED56B003DA49F26CEF /* Pods-SeaBattle.debug.xcconfig */,
				F60053B4F76FB963EE52B581 /* Pods-SeaBattle.release.xcconfig */,
			);
			name = Pods;
			sourceTree = "<group>";
		};
		9BDE2CFC1EC6ECC60093B3BF = {
			isa = PBXGroup;
			children = (
				9BDE2D071EC6ECC60093B3BF /* SeaBattle */,
				9BDE2D211EC6ECC60093B3BF /* SeaBattleTests */,
				9BDE2D2C1EC6ECC60093B3BF /* SeaBattleUITests */,
				9BDE2D061EC6ECC60093B3BF /* Products */,
				6DA1FEDA1436195BB9D8092B /* Pods */,
				F2E1084AFD236F63966D969A /* Frameworks */,
			);
			sourceTree = "<group>";
		};
		9BDE2D061EC6ECC60093B3BF /* Products */ = {
			isa = PBXGroup;
			children = (
				9BDE2D051EC6ECC60093B3BF /* SeaBattle.app */,
				9BDE2D1E1EC6ECC60093B3BF /* SeaBattleTests.xctest */,
				9BDE2D291EC6ECC60093B3BF /* SeaBattleUITests.xctest */,
			);
			name = Products;
			sourceTree = "<group>";
		};
		9BDE2D071EC6ECC60093B3BF /* SeaBattle */ = {
			isa = PBXGroup;
			children = (
				9BDE2D531EC6F6F20093B3BF /* Tool */,
				9BDE2D3B1EC6F27E0093B3BF /* Category */,
				9BDE2D3E1EC6F27E0093B3BF /* Controller */,
				9BDE2D451EC6F27E0093B3BF /* Model */,
				9BDE2D481EC6F27E0093B3BF /* View */,
				9BDE2D0B1EC6ECC60093B3BF /* AppDelegate.h */,
				9BDE2D0C1EC6ECC60093B3BF /* AppDelegate.m */,
				9BDE2D111EC6ECC60093B3BF /* Main.storyboard */,
				9BDE2D141EC6ECC60093B3BF /* Assets.xcassets */,
				9BDE2D161EC6ECC60093B3BF /* LaunchScreen.storyboard */,
				9BDE2D191EC6ECC60093B3BF /* Info.plist */,
				9BDE2D081EC6ECC60093B3BF /* Supporting Files */,
				9BDE2D511EC6F2B20093B3BF /* PrefixHeader.pch */,
				F4C648D31ED317CC00FB69E4 /* PrivaceMacro.h */,
				9BDE2D521EC6F2D10093B3BF /* CommonMacro.h */,
			);
			path = SeaBattle;
			sourceTree = "<group>";
		};
		9BDE2D081EC6ECC60093B3BF /* Supporting Files */ = {
			isa = PBXGroup;
			children = (
				9BDE2D091EC6ECC60093B3BF /* main.m */,
			);
			name = "Supporting Files";
			sourceTree = "<group>";
		};
		9BDE2D211EC6ECC60093B3BF /* SeaBattleTests */ = {
			isa = PBXGroup;
			children = (
				9BDE2D221EC6ECC60093B3BF /* SeaBattleTests.m */,
				9BDE2D241EC6ECC60093B3BF /* Info.plist */,
			);
			path = SeaBattleTests;
			sourceTree = "<group>";
		};
		9BDE2D2C1EC6ECC60093B3BF /* SeaBattleUITests */ = {
			isa = PBXGroup;
			children = (
				9BDE2D2D1EC6ECC60093B3BF /* SeaBattleUITests.m */,
				9BDE2D2F1EC6ECC60093B3BF /* Info.plist */,
			);
			path = SeaBattleUITests;
			sourceTree = "<group>";
		};
		9BDE2D3B1EC6F27E0093B3BF /* Category */ = {
			isa = PBXGroup;
			children = (
				9BDE2D5E1EC7F7970093B3BF /* UIView+HUD.h */,
				9BDE2D5F1EC7F7970093B3BF /* UIView+HUD.m */,
				9BDE2D3C1EC6F27E0093B3BF /* UIColor+Extension.h */,
				9BDE2D3D1EC6F27E0093B3BF /* UIColor+Extension.m */,
			);
			path = Category;
			sourceTree = "<group>";
		};
		9BDE2D3E1EC6F27E0093B3BF /* Controller */ = {
			isa = PBXGroup;
			children = (
				9BDE2D3F1EC6F27E0093B3BF /* DeployShipViewController.h */,
				9BDE2D401EC6F27E0093B3BF /* DeployShipViewController.m */,
				9BDE2D411EC6F27E0093B3BF /* GameViewController.h */,
				9BDE2D421EC6F27E0093B3BF /* GameViewController.m */,
				9B6E21F11EC99D0200B67144 /* NetGameViewController.h */,
				9B6E21F21EC99D0200B67144 /* NetGameViewController.m */,
				9BDE2D431EC6F27E0093B3BF /* ViewController.h */,
				9BDE2D441EC6F27E0093B3BF /* ViewController.m */,
				9BDE2D5B1EC6FA240093B3BF /* CreateGameViewController.h */,
				9BDE2D5C1EC6FA240093B3BF /* CreateGameViewController.m */,
			);
			path = Controller;
			sourceTree = "<group>";
		};
		9BDE2D451EC6F27E0093B3BF /* Model */ = {
			isa = PBXGroup;
			children = (
				9BDE2D461EC6F27E0093B3BF /* ShipLocationModel.h */,
				9BDE2D471EC6F27E0093B3BF /* ShipLocationModel.m */,
				9B2305731ECC3605002FCE4A /* StatusModel.h */,
				9B2305741ECC3605002FCE4A /* StatusModel.m */,
				9B2305771ECC3699002FCE4A /* GameOpModel.h */,
				9B2305781ECC3699002FCE4A /* GameOpModel.m */,
				9B23057A1ECC3E08002FCE4A /* PlayersModel.h */,
				9B23057B1ECC3E08002FCE4A /* PlayersModel.m */,
				9B2305841ED57CED002FCE4A /* TipsModel.h */,
				9B2305851ED57CED002FCE4A /* TipsModel.m */,
			);
			path = Model;
			sourceTree = "<group>";
		};
		9BDE2D481EC6F27E0093B3BF /* View */ = {
			isa = PBXGroup;
			children = (
				9BDE2D491EC6F27E0093B3BF /* BoardCell.h */,
				9BDE2D4A1EC6F27E0093B3BF /* BoardCell.m */,
			);
			path = View;
			sourceTree = "<group>";
		};
		9BDE2D531EC6F6F20093B3BF /* Tool */ = {
			isa = PBXGroup;
			children = (
				9BDE2D541EC6F6F20093B3BF /* HttpTool.h */,
				9BDE2D551EC6F6F20093B3BF /* HttpTool.m */,
				9BDE2D571EC6F82C0093B3BF /* ApiConfig.h */,
				9BDE2D581EC6F82C0093B3BF /* ApiConfig.m */,
			);
			path = Tool;
			sourceTree = "<group>";
		};
		F2E1084AFD236F63966D969A /* Frameworks */ = {
			isa = PBXGroup;
			children = (
				9D66DAC57226E47EC1DB0306 /* libPods-SeaBattle.a */,
			);
			name = Frameworks;
			sourceTree = "<group>";
		};
/* End PBXGroup section */

/* Begin PBXNativeTarget section */
		9BDE2D041EC6ECC60093B3BF /* SeaBattle */ = {
			isa = PBXNativeTarget;
			buildConfigurationList = 9BDE2D321EC6ECC60093B3BF /* Build configuration list for PBXNativeTarget "SeaBattle" */;
			buildPhases = (
				19CC8FBECC8F6FA5CB23B1F5 /* [CP] Check Pods Manifest.lock */,
				9BDE2D011EC6ECC60093B3BF /* Sources */,
				9BDE2D021EC6ECC60093B3BF /* Frameworks */,
				9BDE2D031EC6ECC60093B3BF /* Resources */,
				28D48F300B1CAE815E99EEDB /* [CP] Embed Pods Frameworks */,
				05EB2F6DAEE27BA303B1BE78 /* [CP] Copy Pods Resources */,
			);
			buildRules = (
			);
			dependencies = (
			);
			name = SeaBattle;
			productName = SeaBattle;
			productReference = 9BDE2D051EC6ECC60093B3BF /* SeaBattle.app */;
			productType = "com.apple.product-type.application";
		};
		9BDE2D1D1EC6ECC60093B3BF /* SeaBattleTests */ = {
			isa = PBXNativeTarget;
			buildConfigurationList = 9BDE2D351EC6ECC60093B3BF /* Build configuration list for PBXNativeTarget "SeaBattleTests" */;
			buildPhases = (
				9BDE2D1A1EC6ECC60093B3BF /* Sources */,
				9BDE2D1B1EC6ECC60093B3BF /* Frameworks */,
				9BDE2D1C1EC6ECC60093B3BF /* Resources */,
			);
			buildRules = (
			);
			dependencies = (
				9BDE2D201EC6ECC60093B3BF /* PBXTargetDependency */,
			);
			name = SeaBattleTests;
			productName = SeaBattleTests;
			productReference = 9BDE2D1E1EC6ECC60093B3BF /* SeaBattleTests.xctest */;
			productType = "com.apple.product-type.bundle.unit-test";
		};
		9BDE2D281EC6ECC60093B3BF /* SeaBattleUITests */ = {
			isa = PBXNativeTarget;
			buildConfigurationList = 9BDE2D381EC6ECC60093B3BF /* Build configuration list for PBXNativeTarget "SeaBattleUITests" */;
			buildPhases = (
				9BDE2D251EC6ECC60093B3BF /* Sources */,
				9BDE2D261EC6ECC60093B3BF /* Frameworks */,
				9BDE2D271EC6ECC60093B3BF /* Resources */,
			);
			buildRules = (
			);
			dependencies = (
				9BDE2D2B1EC6ECC60093B3BF /* PBXTargetDependency */,
			);
			name = SeaBattleUITests;
			productName = SeaBattleUITests;
			productReference = 9BDE2D291EC6ECC60093B3BF /* SeaBattleUITests.xctest */;
			productType = "com.apple.product-type.bundle.ui-testing";
		};
/* End PBXNativeTarget section */

/* Begin PBXProject section */
		9BDE2CFD1EC6ECC60093B3BF /* Project object */ = {
			isa = PBXProject;
			attributes = {
				LastUpgradeCheck = 0830;
				ORGANIZATIONNAME = begoss;
				TargetAttributes = {
					9BDE2D041EC6ECC60093B3BF = {
						CreatedOnToolsVersion = 8.3;
						DevelopmentTeam = K5H34CZR68;
						ProvisioningStyle = Manual;
					};
					9BDE2D1D1EC6ECC60093B3BF = {
						CreatedOnToolsVersion = 8.3;
						ProvisioningStyle = Automatic;
						TestTargetID = 9BDE2D041EC6ECC60093B3BF;
					};
					9BDE2D281EC6ECC60093B3BF = {
						CreatedOnToolsVersion = 8.3;
						ProvisioningStyle = Automatic;
						TestTargetID = 9BDE2D041EC6ECC60093B3BF;
					};
				};
			};
			buildConfigurationList = 9BDE2D001EC6ECC60093B3BF /* Build configuration list for PBXProject "SeaBattle" */;
			compatibilityVersion = "Xcode 3.2";
			developmentRegion = English;
			hasScannedForEncodings = 0;
			knownRegions = (
				en,
				Base,
			);
			mainGroup = 9BDE2CFC1EC6ECC60093B3BF;
			productRefGroup = 9BDE2D061EC6ECC60093B3BF /* Products */;
			projectDirPath = "";
			projectRoot = "";
			targets = (
				9BDE2D041EC6ECC60093B3BF /* SeaBattle */,
				9BDE2D1D1EC6ECC60093B3BF /* SeaBattleTests */,
				9BDE2D281EC6ECC60093B3BF /* SeaBattleUITests */,
			);
		};
/* End PBXProject section */

/* Begin PBXResourcesBuildPhase section */
		9BDE2D031EC6ECC60093B3BF /* Resources */ = {
			isa = PBXResourcesBuildPhase;
			buildActionMask = 2147483647;
			files = (
				9BDE2D181EC6ECC60093B3BF /* LaunchScreen.storyboard in Resources */,
				9BDE2D151EC6ECC60093B3BF /* Assets.xcassets in Resources */,
				9BDE2D131EC6ECC60093B3BF /* Main.storyboard in Resources */,
			);
			runOnlyForDeploymentPostprocessing = 0;
		};
		9BDE2D1C1EC6ECC60093B3BF /* Resources */ = {
			isa = PBXResourcesBuildPhase;
			buildActionMask = 2147483647;
			files = (
			);
			runOnlyForDeploymentPostprocessing = 0;
		};
		9BDE2D271EC6ECC60093B3BF /* Resources */ = {
			isa = PBXResourcesBuildPhase;
			buildActionMask = 2147483647;
			files = (
			);
			runOnlyForDeploymentPostprocessing = 0;
		};
/* End PBXResourcesBuildPhase section */

/* Begin PBXShellScriptBuildPhase section */
		05EB2F6DAEE27BA303B1BE78 /* [CP] Copy Pods Resources */ = {
			isa = PBXShellScriptBuildPhase;
			buildActionMask = 2147483647;
			files = (
			);
			inputPaths = (
			);
			name = "[CP] Copy Pods Resources";
			outputPaths = (
			);
			runOnlyForDeploymentPostprocessing = 0;
			shellPath = /bin/sh;
			shellScript = "\"${SRCROOT}/Pods/Target Support Files/Pods-SeaBattle/Pods-SeaBattle-resources.sh\"\n";
			showEnvVarsInLog = 0;
		};
		19CC8FBECC8F6FA5CB23B1F5 /* [CP] Check Pods Manifest.lock */ = {
			isa = PBXShellScriptBuildPhase;
			buildActionMask = 2147483647;
			files = (
			);
			inputPaths = (
			);
			name = "[CP] Check Pods Manifest.lock";
			outputPaths = (
			);
			runOnlyForDeploymentPostprocessing = 0;
			shellPath = /bin/sh;
			shellScript = "diff \"${PODS_ROOT}/../Podfile.lock\" \"${PODS_ROOT}/Manifest.lock\" > /dev/null\nif [ $? != 0 ] ; then\n    # print error to STDERR\n    echo \"error: The sandbox is not in sync with the Podfile.lock. Run 'pod install' or update your CocoaPods installation.\" >&2\n    exit 1\nfi\n";
			showEnvVarsInLog = 0;
		};
		28D48F300B1CAE815E99EEDB /* [CP] Embed Pods Frameworks */ = {
			isa = PBXShellScriptBuildPhase;
			buildActionMask = 2147483647;
			files = (
			);
			inputPaths = (
			);
			name = "[CP] Embed Pods Frameworks";
			outputPaths = (
			);
			runOnlyForDeploymentPostprocessing = 0;
			shellPath = /bin/sh;
			shellScript = "\"${SRCROOT}/Pods/Target Support Files/Pods-SeaBattle/Pods-SeaBattle-frameworks.sh\"\n";
			showEnvVarsInLog = 0;
		};
/* End PBXShellScriptBuildPhase section */

/* Begin PBXSourcesBuildPhase section */
		9BDE2D011EC6ECC60093B3BF /* Sources */ = {
			isa = PBXSourcesBuildPhase;
			buildActionMask = 2147483647;
			files = (
				9BDE2D601EC7F7970093B3BF /* UIView+HUD.m in Sources */,
				9B2305791ECC3699002FCE4A /* GameOpModel.m in Sources */,
				9B2305751ECC3605002FCE4A /* StatusModel.m in Sources */,
				9BDE2D4E1EC6F27E0093B3BF /* ViewController.m in Sources */,
				9B6E21F31EC99D0200B67144 /* NetGameViewController.m in Sources */,
				9B2305861ED57CED002FCE4A /* TipsModel.m in Sources */,
				9BDE2D4D1EC6F27E0093B3BF /* GameViewController.m in Sources */,
				9BDE2D591EC6F82C0093B3BF /* ApiConfig.m in Sources */,
				9BDE2D0D1EC6ECC60093B3BF /* AppDelegate.m in Sources */,
				9BDE2D4C1EC6F27E0093B3BF /* DeployShipViewController.m in Sources */,
				9BDE2D4B1EC6F27E0093B3BF /* UIColor+Extension.m in Sources */,
				9B23057C1ECC3E08002FCE4A /* PlayersModel.m in Sources */,
				9BDE2D0A1EC6ECC60093B3BF /* main.m in Sources */,
				9BDE2D501EC6F27E0093B3BF /* BoardCell.m in Sources */,
				9BDE2D4F1EC6F27E0093B3BF /* ShipLocationModel.m in Sources */,
				9BDE2D561EC6F6F20093B3BF /* HttpTool.m in Sources */,
				9BDE2D5D1EC6FA240093B3BF /* CreateGameViewController.m in Sources */,
			);
			runOnlyForDeploymentPostprocessing = 0;
		};
		9BDE2D1A1EC6ECC60093B3BF /* Sources */ = {
			isa = PBXSourcesBuildPhase;
			buildActionMask = 2147483647;
			files = (
				9BDE2D231EC6ECC60093B3BF /* SeaBattleTests.m in Sources */,
			);
			runOnlyForDeploymentPostprocessing = 0;
		};
		9BDE2D251EC6ECC60093B3BF /* Sources */ = {
			isa = PBXSourcesBuildPhase;
			buildActionMask = 2147483647;
			files = (
				9BDE2D2E1EC6ECC60093B3BF /* SeaBattleUITests.m in Sources */,
			);
			runOnlyForDeploymentPostprocessing = 0;
		};
/* End PBXSourcesBuildPhase section */

/* Begin PBXTargetDependency section */
		9BDE2D201EC6ECC60093B3BF /* PBXTargetDependency */ = {
			isa = PBXTargetDependency;
			target = 9BDE2D041EC6ECC60093B3BF /* SeaBattle */;
			targetProxy = 9BDE2D1F1EC6ECC60093B3BF /* PBXContainerItemProxy */;
		};
		9BDE2D2B1EC6ECC60093B3BF /* PBXTargetDependency */ = {
			isa = PBXTargetDependency;
			target = 9BDE2D041EC6ECC60093B3BF /* SeaBattle */;
			targetProxy = 9BDE2D2A1EC6ECC60093B3BF /* PBXContainerItemProxy */;
		};
/* End PBXTargetDependency section */

/* Begin PBXVariantGroup section */
		9BDE2D111EC6ECC60093B3BF /* Main.storyboard */ = {
			isa = PBXVariantGroup;
			children = (
				9BDE2D121EC6ECC60093B3BF /* Base */,
			);
			name = Main.storyboard;
			sourceTree = "<group>";
		};
		9BDE2D161EC6ECC60093B3BF /* LaunchScreen.storyboard */ = {
			isa = PBXVariantGroup;
			children = (
				9BDE2D171EC6ECC60093B3BF /* Base */,
			);
			name = LaunchScreen.storyboard;
			sourceTree = "<group>";
		};
/* End PBXVariantGroup section */

/* Begin XCBuildConfiguration section */
		9BDE2D301EC6ECC60093B3BF /* Debug */ = {
			isa = XCBuildConfiguration;
			buildSettings = {
				ALWAYS_SEARCH_USER_PATHS = NO;
				CLANG_ANALYZER_NONNULL = YES;
				CLANG_ANALYZER_NUMBER_OBJECT_CONVERSION = YES_AGGRESSIVE;
				CLANG_CXX_LANGUAGE_STANDARD = "gnu++0x";
				CLANG_CXX_LIBRARY = "libc++";
				CLANG_ENABLE_MODULES = YES;
				CLANG_ENABLE_OBJC_ARC = YES;
				CLANG_WARN_BOOL_CONVERSION = YES;
				CLANG_WARN_CONSTANT_CONVERSION = YES;
				CLANG_WARN_DIRECT_OBJC_ISA_USAGE = YES_ERROR;
				CLANG_WARN_DOCUMENTATION_COMMENTS = YES;
				CLANG_WARN_EMPTY_BODY = YES;
				CLANG_WARN_ENUM_CONVERSION = YES;
				CLANG_WARN_INFINITE_RECURSION = YES;
				CLANG_WARN_INT_CONVERSION = YES;
				CLANG_WARN_OBJC_ROOT_CLASS = YES_ERROR;
				CLANG_WARN_SUSPICIOUS_MOVE = YES;
				CLANG_WARN_UNREACHABLE_CODE = YES;
				CLANG_WARN__DUPLICATE_METHOD_MATCH = YES;
				"CODE_SIGN_IDENTITY[sdk=iphoneos*]" = "iPhone Developer";
				COPY_PHASE_STRIP = NO;
				DEBUG_INFORMATION_FORMAT = dwarf;
				ENABLE_STRICT_OBJC_MSGSEND = YES;
				ENABLE_TESTABILITY = YES;
				GCC_C_LANGUAGE_STANDARD = gnu99;
				GCC_DYNAMIC_NO_PIC = NO;
				GCC_NO_COMMON_BLOCKS = YES;
				GCC_OPTIMIZATION_LEVEL = 0;
				GCC_PREPROCESSOR_DEFINITIONS = (
					"DEBUG=1",
					"$(inherited)",
				);
				GCC_WARN_64_TO_32_BIT_CONVERSION = YES;
				GCC_WARN_ABOUT_RETURN_TYPE = YES_ERROR;
				GCC_WARN_UNDECLARED_SELECTOR = YES;
				GCC_WARN_UNINITIALIZED_AUTOS = YES_AGGRESSIVE;
				GCC_WARN_UNUSED_FUNCTION = YES;
				GCC_WARN_UNUSED_VARIABLE = YES;
				IPHONEOS_DEPLOYMENT_TARGET = 10.0;
				MTL_ENABLE_DEBUG_INFO = YES;
				ONLY_ACTIVE_ARCH = YES;
				SDKROOT = iphoneos;
				TARGETED_DEVICE_FAMILY = "1,2";
			};
			name = Debug;
		};
		9BDE2D311EC6ECC60093B3BF /* Release */ = {
			isa = XCBuildConfiguration;
			buildSettings = {
				ALWAYS_SEARCH_USER_PATHS = NO;
				CLANG_ANALYZER_NONNULL = YES;
				CLANG_ANALYZER_NUMBER_OBJECT_CONVERSION = YES_AGGRESSIVE;
				CLANG_CXX_LANGUAGE_STANDARD = "gnu++0x";
				CLANG_CXX_LIBRARY = "libc++";
				CLANG_ENABLE_MODULES = YES;
				CLANG_ENABLE_OBJC_ARC = YES;
				CLANG_WARN_BOOL_CONVERSION = YES;
				CLANG_WARN_CONSTANT_CONVERSION = YES;
				CLANG_WARN_DIRECT_OBJC_ISA_USAGE = YES_ERROR;
				CLANG_WARN_DOCUMENTATION_COMMENTS = YES;
				CLANG_WARN_EMPTY_BODY = YES;
				CLANG_WARN_ENUM_CONVERSION = YES;
				CLANG_WARN_INFINITE_RECURSION = YES;
				CLANG_WARN_INT_CONVERSION = YES;
				CLANG_WARN_OBJC_ROOT_CLASS = YES_ERROR;
				CLANG_WARN_SUSPICIOUS_MOVE = YES;
				CLANG_WARN_UNREACHABLE_CODE = YES;
				CLANG_WARN__DUPLICATE_METHOD_MATCH = YES;
				"CODE_SIGN_IDENTITY[sdk=iphoneos*]" = "iPhone Developer";
				COPY_PHASE_STRIP = NO;
				DEBUG_INFORMATION_FORMAT = "dwarf-with-dsym";
				ENABLE_NS_ASSERTIONS = NO;
				ENABLE_STRICT_OBJC_MSGSEND = YES;
				GCC_C_LANGUAGE_STANDARD = gnu99;
				GCC_NO_COMMON_BLOCKS = YES;
				GCC_WARN_64_TO_32_BIT_CONVERSION = YES;
				GCC_WARN_ABOUT_RETURN_TYPE = YES_ERROR;
				GCC_WARN_UNDECLARED_SELECTOR = YES;
				GCC_WARN_UNINITIALIZED_AUTOS = YES_AGGRESSIVE;
				GCC_WARN_UNUSED_FUNCTION = YES;
				GCC_WARN_UNUSED_VARIABLE = YES;
				IPHONEOS_DEPLOYMENT_TARGET = 10.0;
				MTL_ENABLE_DEBUG_INFO = NO;
				SDKROOT = iphoneos;
				TARGETED_DEVICE_FAMILY = "1,2";
				VALIDATE_PRODUCT = YES;
			};
			name = Release;
		};
		9BDE2D331EC6ECC60093B3BF /* Debug */ = {
			isa = XCBuildConfiguration;
			baseConfigurationReference = 56B711ED56B003DA49F26CEF /* Pods-SeaBattle.debug.xcconfig */;
			buildSettings = {
				ASSETCATALOG_COMPILER_APPICON_NAME = AppIcon;
				"CODE_SIGN_IDENTITY[sdk=iphoneos*]" = "iPhone Developer";
				DEVELOPMENT_TEAM = K5H34CZR68;
				GCC_PREFIX_HEADER = SeaBattle/PrefixHeader.pch;
				INFOPLIST_FILE = SeaBattle/Info.plist;
				IPHONEOS_DEPLOYMENT_TARGET = 10.0;
				LD_RUNPATH_SEARCH_PATHS = "$(inherited) @executable_path/Frameworks";
				PRODUCT_BUNDLE_IDENTIFIER = com.liurundong.BigSeaBattle;
				PRODUCT_NAME = "$(TARGET_NAME)";
				PROVISIONING_PROFILE = "0e4572b2-79a5-4f8b-80ba-4b75775f2532";
				PROVISIONING_PROFILE_SPECIFIER = BigSeaBattle;
			};
			name = Debug;
		};
		9BDE2D341EC6ECC60093B3BF /* Release */ = {
			isa = XCBuildConfiguration;
			baseConfigurationReference = F60053B4F76FB963EE52B581 /* Pods-SeaBattle.release.xcconfig */;
			buildSettings = {
				ASSETCATALOG_COMPILER_APPICON_NAME = AppIcon;
				"CODE_SIGN_IDENTITY[sdk=iphoneos*]" = "iPhone Developer";
				DEVELOPMENT_TEAM = "";
				GCC_PREFIX_HEADER = SeaBattle/PrefixHeader.pch;
				INFOPLIST_FILE = SeaBattle/Info.plist;
				IPHONEOS_DEPLOYMENT_TARGET = 10.0;
				LD_RUNPATH_SEARCH_PATHS = "$(inherited) @executable_path/Frameworks";
				PRODUCT_BUNDLE_IDENTIFIER = com.liurundong.BigSeaBattle;
				PRODUCT_NAME = "$(TARGET_NAME)";
				PROVISIONING_PROFILE = "";
				PROVISIONING_PROFILE_SPECIFIER = "";
			};
			name = Release;
		};
		9BDE2D361EC6ECC60093B3BF /* Debug */ = {
			isa = XCBuildConfiguration;
			buildSettings = {
				BUNDLE_LOADER = "$(TEST_HOST)";
				INFOPLIST_FILE = SeaBattleTests/Info.plist;
				LD_RUNPATH_SEARCH_PATHS = "$(inherited) @executable_path/Frameworks @loader_path/Frameworks";
				PRODUCT_BUNDLE_IDENTIFIER = begoss.SeaBattleTests;
				PRODUCT_NAME = "$(TARGET_NAME)";
				TEST_HOST = "$(BUILT_PRODUCTS_DIR)/SeaBattle.app/SeaBattle";
			};
			name = Debug;
		};
		9BDE2D371EC6ECC60093B3BF /* Release */ = {
			isa = XCBuildConfiguration;
			buildSettings = {
				BUNDLE_LOADER = "$(TEST_HOST)";
				INFOPLIST_FILE = SeaBattleTests/Info.plist;
				LD_RUNPATH_SEARCH_PATHS = "$(inherited) @executable_path/Frameworks @loader_path/Frameworks";
				PRODUCT_BUNDLE_IDENTIFIER = begoss.SeaBattleTests;
				PRODUCT_NAME = "$(TARGET_NAME)";
				TEST_HOST = "$(BUILT_PRODUCTS_DIR)/SeaBattle.app/SeaBattle";
			};
			name = Release;
		};
		9BDE2D391EC6ECC60093B3BF /* Debug */ = {
			isa = XCBuildConfiguration;
			buildSettings = {
				INFOPLIST_FILE = SeaBattleUITests/Info.plist;
				LD_RUNPATH_SEARCH_PATHS = "$(inherited) @executable_path/Frameworks @loader_path/Frameworks";
				PRODUCT_BUNDLE_IDENTIFIER = begoss.SeaBattleUITests;
				PRODUCT_NAME = "$(TARGET_NAME)";
				TEST_TARGET_NAME = SeaBattle;
			};
			name = Debug;
		};
		9BDE2D3A1EC6ECC60093B3BF /* Release */ = {
			isa = XCBuildConfiguration;
			buildSettings = {
				INFOPLIST_FILE = SeaBattleUITests/Info.plist;
				LD_RUNPATH_SEARCH_PATHS = "$(inherited) @executable_path/Frameworks @loader_path/Frameworks";
				PRODUCT_BUNDLE_IDENTIFIER = begoss.SeaBattleUITests;
				PRODUCT_NAME = "$(TARGET_NAME)";
				TEST_TARGET_NAME = SeaBattle;
			};
			name = Release;
		};
/* End XCBuildConfiguration section */

/* Begin XCConfigurationList section */
		9BDE2D001EC6ECC60093B3BF /* Build configuration list for PBXProject "SeaBattle" */ = {
			isa = XCConfigurationList;
			buildConfigurations = (
				9BDE2D301EC6ECC60093B3BF /* Debug */,
				9BDE2D311EC6ECC60093B3BF /* Release */,
			);
			defaultConfigurationIsVisible = 0;
			defaultConfigurationName = Release;
		};
		9BDE2D321EC6ECC60093B3BF /* Build configuration list for PBXNativeTarget "SeaBattle" */ = {
			isa = XCConfigurationList;
			buildConfigurations = (
				9BDE2D331EC6ECC60093B3BF /* Debug */,
				9BDE2D341EC6ECC60093B3BF /* Release */,
			);
			defaultConfigurationIsVisible = 0;
			defaultConfigurationName = Release;
		};
		9BDE2D351EC6ECC60093B3BF /* Build configuration list for PBXNativeTarget "SeaBattleTests" */ = {
			isa = XCConfigurationList;
			buildConfigurations = (
				9BDE2D361EC6ECC60093B3BF /* Debug */,
				9BDE2D371EC6ECC60093B3BF /* Release */,
			);
			defaultConfigurationIsVisible = 0;
			defaultConfigurationName = Release;
		};
		9BDE2D381EC6ECC60093B3BF /* Build configuration list for PBXNativeTarget "SeaBattleUITests" */ = {
			isa = XCConfigurationList;
			buildConfigurations = (
				9BDE2D391EC6ECC60093B3BF /* Debug */,
				9BDE2D3A1EC6ECC60093B3BF /* Release */,
			);
			defaultConfigurationIsVisible = 0;
			defaultConfigurationName = Release;
		};
/* End XCConfigurationList section */
	};
	rootObject = 9BDE2CFD1EC6ECC60093B3BF /* Project object */;
}
